<?xml version="1.0" encoding="utf-8"?>
<Project ToolsVersion="4.0" xmlns="http://schemas.microsoft.com/developer/msbuild/2003">
  <ItemGroup>
    <ClCompile Include="src\Main.cpp" />
    <ClCompile Include="src\Token.cpp" />
    <ClCompile Include="src\DictionaryApp.cpp" />
    <ClCompile Include="src\Dictionary.cpp" />
  </ItemGroup>
  <ItemGroup>
    <ClInclude Include="src\Token.h" />
    <ClInclude Include="src\DictionaryApp.h" />
    <ClInclude Include="src\Dictionary.h" />
  </ItemGroup>
  <ItemGroup>
    <Text Include="Seuss.txt" />
  </ItemGroup>
</Project>