
Microsoft Visual Studio Solution File, Format Version 12.00
# Visual Studio Version 17
VisualStudioVersion = 17.1.32421.90
MinimumVisualStudioVersion = 10.0.40219.1
Project("{8BC9CEB8-8B4A-11D0-8D11-00A0C91BC942}") = "Lab1Ex1", "Lab1Ex1.vcxproj", "{CBA000F0-DE9F-4982-9AE8-587C3B7ACF26}"
EndProject
Global
	GlobalSection(SolutionConfigurationPlatforms) = preSolution
		Debug|x64 = Debug|x64
		Debug|x86 = Debug|x86
		Release|x64 = Release|x64
		Release|x86 = Release|x86
	EndGlobalSection
	GlobalSection(ProjectConfigurationPlatforms) = postSolution
		{CBA000F0-DE9F-4982-9AE8-587C3B7ACF26}.Debug|x64.ActiveCfg = Debug|x64
		{CBA000F0-DE9F-4982-9AE8-587C3B7ACF26}.Debug|x64.Build.0 = Debug|x64
		{CBA000F0-DE9F-4982-9AE8-587C3B7ACF26}.Debug|x86.ActiveCfg = Debug|Win32
		{CBA000F0-DE9F-4982-9AE8-587C3B7ACF26}.Debug|x86.Build.0 = Debug|Win32
		{CBA000F0-DE9F-4982-9AE8-587C3B7ACF26}.Release|x64.ActiveCfg = Release|x64
		{CBA000F0-DE9F-4982-9AE8-587C3B7ACF26}.Release|x64.Build.0 = Release|x64
		{CBA000F0-DE9F-4982-9AE8-587C3B7ACF26}.Release|x86.ActiveCfg = Release|Win32
		{CBA000F0-DE9F-4982-9AE8-587C3B7ACF26}.Release|x86.Build.0 = Release|Win32
	EndGlobalSection
	GlobalSection(SolutionProperties) = preSolution
		HideSolutionNode = FALSE
	EndGlobalSection
	GlobalSection(ExtensibilityGlobals) = postSolution
		SolutionGuid = {F81B602B-E8DD-4462-94DC-F3D35EFD4C51}
	EndGlobalSection
EndGlobal
