
Microsoft Visual Studio Solution File, Format Version 12.00
# Visual Studio Version 17
VisualStudioVersion = 17.2.32505.173
MinimumVisualStudioVersion = 10.0.40219.1
Project("{8BC9CEB8-8B4A-11D0-8D11-00A0C91BC942}") = "String Class", "String Class.vcxproj", "{42A996F6-B1C5-44E5-B25A-0917B34F5BBA}"
EndProject
Global
	GlobalSection(SolutionConfigurationPlatforms) = preSolution
		Debug|x64 = Debug|x64
		Debug|x86 = Debug|x86
		Release|x64 = Release|x64
		Release|x86 = Release|x86
	EndGlobalSection
	GlobalSection(ProjectConfigurationPlatforms) = postSolution
		{42A996F6-B1C5-44E5-B25A-0917B34F5BBA}.Debug|x64.ActiveCfg = Debug|x64
		{42A996F6-B1C5-44E5-B25A-0917B34F5BBA}.Debug|x64.Build.0 = Debug|x64
		{42A996F6-B1C5-44E5-B25A-0917B34F5BBA}.Debug|x86.ActiveCfg = Debug|Win32
		{42A996F6-B1C5-44E5-B25A-0917B34F5BBA}.Debug|x86.Build.0 = Debug|Win32
		{42A996F6-B1C5-44E5-B25A-0917B34F5BBA}.Release|x64.ActiveCfg = Release|x64
		{42A996F6-B1C5-44E5-B25A-0917B34F5BBA}.Release|x64.Build.0 = Release|x64
		{42A996F6-B1C5-44E5-B25A-0917B34F5BBA}.Release|x86.ActiveCfg = Release|Win32
		{42A996F6-B1C5-44E5-B25A-0917B34F5BBA}.Release|x86.Build.0 = Release|Win32
	EndGlobalSection
	GlobalSection(SolutionProperties) = preSolution
		HideSolutionNode = FALSE
	EndGlobalSection
	GlobalSection(ExtensibilityGlobals) = postSolution
		SolutionGuid = {1302303E-8AFC-4E13-9E62-AE20E2A82C0C}
	EndGlobalSection
EndGlobal
