
Microsoft Visual Studio Solution File, Format Version 12.00
# Visual Studio Version 17
VisualStudioVersion = 17.2.32630.192
MinimumVisualStudioVersion = 10.0.40219.1
Project("{8BC9CEB8-8B4A-11D0-8D11-00A0C91BC942}") = "Tutorial_Strings", "Tutorial_Strings.vcxproj", "{A0B0565C-0685-498A-BC4C-595943DE0845}"
EndProject
Global
	GlobalSection(SolutionConfigurationPlatforms) = preSolution
		Debug|x64 = Debug|x64
		Debug|x86 = Debug|x86
		Release|x64 = Release|x64
		Release|x86 = Release|x86
	EndGlobalSection
	GlobalSection(ProjectConfigurationPlatforms) = postSolution
		{A0B0565C-0685-498A-BC4C-595943DE0845}.Debug|x64.ActiveCfg = Debug|x64
		{A0B0565C-0685-498A-BC4C-595943DE0845}.Debug|x64.Build.0 = Debug|x64
		{A0B0565C-0685-498A-BC4C-595943DE0845}.Debug|x86.ActiveCfg = Debug|Win32
		{A0B0565C-0685-498A-BC4C-595943DE0845}.Debug|x86.Build.0 = Debug|Win32
		{A0B0565C-0685-498A-BC4C-595943DE0845}.Release|x64.ActiveCfg = Release|x64
		{A0B0565C-0685-498A-BC4C-595943DE0845}.Release|x64.Build.0 = Release|x64
		{A0B0565C-0685-498A-BC4C-595943DE0845}.Release|x86.ActiveCfg = Release|Win32
		{A0B0565C-0685-498A-BC4C-595943DE0845}.Release|x86.Build.0 = Release|Win32
	EndGlobalSection
	GlobalSection(SolutionProperties) = preSolution
		HideSolutionNode = FALSE
	EndGlobalSection
	GlobalSection(ExtensibilityGlobals) = postSolution
		SolutionGuid = {313D228C-5065-4F88-807F-2DCD05821E46}
	EndGlobalSection
EndGlobal
