
Microsoft Visual Studio Solution File, Format Version 12.00
# Visual Studio Version 17
VisualStudioVersion = 17.2.32616.157
MinimumVisualStudioVersion = 10.0.40219.1
Project("{8BC9CEB8-8B4A-11D0-8D11-00A0C91BC942}") = "vithu-sol", "vithu-sol.vcxproj", "{EA553B89-2831-4463-A5FA-9273C5D6102E}"
EndProject
Global
	GlobalSection(SolutionConfigurationPlatforms) = preSolution
		Debug|x64 = Debug|x64
		Debug|x86 = Debug|x86
		Release|x64 = Release|x64
		Release|x86 = Release|x86
	EndGlobalSection
	GlobalSection(ProjectConfigurationPlatforms) = postSolution
		{EA553B89-2831-4463-A5FA-9273C5D6102E}.Debug|x64.ActiveCfg = Debug|x64
		{EA553B89-2831-4463-A5FA-9273C5D6102E}.Debug|x64.Build.0 = Debug|x64
		{EA553B89-2831-4463-A5FA-9273C5D6102E}.Debug|x86.ActiveCfg = Debug|Win32
		{EA553B89-2831-4463-A5FA-9273C5D6102E}.Debug|x86.Build.0 = Debug|Win32
		{EA553B89-2831-4463-A5FA-9273C5D6102E}.Release|x64.ActiveCfg = Release|x64
		{EA553B89-2831-4463-A5FA-9273C5D6102E}.Release|x64.Build.0 = Release|x64
		{EA553B89-2831-4463-A5FA-9273C5D6102E}.Release|x86.ActiveCfg = Release|Win32
		{EA553B89-2831-4463-A5FA-9273C5D6102E}.Release|x86.Build.0 = Release|Win32
	EndGlobalSection
	GlobalSection(SolutionProperties) = preSolution
		HideSolutionNode = FALSE
	EndGlobalSection
	GlobalSection(ExtensibilityGlobals) = postSolution
		SolutionGuid = {4631579B-90E8-461F-8FDD-A1C1D5D7251D}
	EndGlobalSection
EndGlobal
